
Microsoft Visual Studio Solution File, Format Version 12.00
# Visual Studio Version 17
VisualStudioVersion = 17.13.35617.110
MinimumVisualStudioVersion = 10.0.40219.1
Project("{FAE04EC0-301F-11D3-BF4B-00C04F79EFBC}") = "ClipPing", "ClipPing\ClipPing.csproj", "{A16C349D-65DD-47C5-BA59-5E0A9B2134FE}"
EndProject
Project("{C7167F0D-BC9F-4E6E-AFE1-012C56B48DB5}") = "ClipPing-WinUI (Package)", "ClipPing-WinUI\ClipPing-WinUI (Package)\ClipPing-WinUI (Package).wapproj", "{4AA801B6-AD54-4419-BDA8-B8A2D086B80D}"
EndProject
Project("{FAE04EC0-301F-11D3-BF4B-00C04F79EFBC}") = "ClipPing-WinUI", "ClipPing-WinUI\ClipPing-WinUI\ClipPing-WinUI.csproj", "{953BCB0A-3739-4BB5-BB39-D52733C7E999}"
EndProject
Global
	GlobalSection(SolutionConfigurationPlatforms) = preSolution
		Debug|Any CPU = Debug|Any CPU
		Debug|ARM64 = Debug|ARM64
		Debug|x64 = Debug|x64
		Debug|x86 = Debug|x86
		Release|Any CPU = Release|Any CPU
		Release|ARM64 = Release|ARM64
		Release|x64 = Release|x64
		Release|x86 = Release|x86
	EndGlobalSection
	GlobalSection(ProjectConfigurationPlatforms) = postSolution
		{A16C349D-65DD-47C5-BA59-5E0A9B2134FE}.Debug|Any CPU.ActiveCfg = Debug|Any CPU
		{A16C349D-65DD-47C5-BA59-5E0A9B2134FE}.Debug|Any CPU.Build.0 = Debug|Any CPU
		{A16C349D-65DD-47C5-BA59-5E0A9B2134FE}.Debug|ARM64.ActiveCfg = Debug|Any CPU
		{A16C349D-65DD-47C5-BA59-5E0A9B2134FE}.Debug|ARM64.Build.0 = Debug|Any CPU
		{A16C349D-65DD-47C5-BA59-5E0A9B2134FE}.Debug|x64.ActiveCfg = Debug|Any CPU
		{A16C349D-65DD-47C5-BA59-5E0A9B2134FE}.Debug|x64.Build.0 = Debug|Any CPU
		{A16C349D-65DD-47C5-BA59-5E0A9B2134FE}.Debug|x86.ActiveCfg = Debug|Any CPU
		{A16C349D-65DD-47C5-BA59-5E0A9B2134FE}.Debug|x86.Build.0 = Debug|Any CPU
		{A16C349D-65DD-47C5-BA59-5E0A9B2134FE}.Release|Any CPU.ActiveCfg = Release|Any CPU
		{A16C349D-65DD-47C5-BA59-5E0A9B2134FE}.Release|Any CPU.Build.0 = Release|Any CPU
		{A16C349D-65DD-47C5-BA59-5E0A9B2134FE}.Release|ARM64.ActiveCfg = Release|Any CPU
		{A16C349D-65DD-47C5-BA59-5E0A9B2134FE}.Release|ARM64.Build.0 = Release|Any CPU
		{A16C349D-65DD-47C5-BA59-5E0A9B2134FE}.Release|x64.ActiveCfg = Release|Any CPU
		{A16C349D-65DD-47C5-BA59-5E0A9B2134FE}.Release|x64.Build.0 = Release|Any CPU
		{A16C349D-65DD-47C5-BA59-5E0A9B2134FE}.Release|x86.ActiveCfg = Release|Any CPU
		{A16C349D-65DD-47C5-BA59-5E0A9B2134FE}.Release|x86.Build.0 = Release|Any CPU
		{4AA801B6-AD54-4419-BDA8-B8A2D086B80D}.Debug|Any CPU.ActiveCfg = Debug|x64
		{4AA801B6-AD54-4419-BDA8-B8A2D086B80D}.Debug|Any CPU.Build.0 = Debug|x64
		{4AA801B6-AD54-4419-BDA8-B8A2D086B80D}.Debug|Any CPU.Deploy.0 = Debug|x64
		{4AA801B6-AD54-4419-BDA8-B8A2D086B80D}.Debug|ARM64.ActiveCfg = Debug|ARM64
		{4AA801B6-AD54-4419-BDA8-B8A2D086B80D}.Debug|ARM64.Build.0 = Debug|ARM64
		{4AA801B6-AD54-4419-BDA8-B8A2D086B80D}.Debug|ARM64.Deploy.0 = Debug|ARM64
		{4AA801B6-AD54-4419-BDA8-B8A2D086B80D}.Debug|x64.ActiveCfg = Debug|x64
		{4AA801B6-AD54-4419-BDA8-B8A2D086B80D}.Debug|x64.Build.0 = Debug|x64
		{4AA801B6-AD54-4419-BDA8-B8A2D086B80D}.Debug|x64.Deploy.0 = Debug|x64
		{4AA801B6-AD54-4419-BDA8-B8A2D086B80D}.Debug|x86.ActiveCfg = Debug|x86
		{4AA801B6-AD54-4419-BDA8-B8A2D086B80D}.Debug|x86.Build.0 = Debug|x86
		{4AA801B6-AD54-4419-BDA8-B8A2D086B80D}.Debug|x86.Deploy.0 = Debug|x86
		{4AA801B6-AD54-4419-BDA8-B8A2D086B80D}.Release|Any CPU.ActiveCfg = Release|x64
		{4AA801B6-AD54-4419-BDA8-B8A2D086B80D}.Release|Any CPU.Build.0 = Release|x64
		{4AA801B6-AD54-4419-BDA8-B8A2D086B80D}.Release|Any CPU.Deploy.0 = Release|x64
		{4AA801B6-AD54-4419-BDA8-B8A2D086B80D}.Release|ARM64.ActiveCfg = Release|ARM64
		{4AA801B6-AD54-4419-BDA8-B8A2D086B80D}.Release|ARM64.Build.0 = Release|ARM64
		{4AA801B6-AD54-4419-BDA8-B8A2D086B80D}.Release|ARM64.Deploy.0 = Release|ARM64
		{4AA801B6-AD54-4419-BDA8-B8A2D086B80D}.Release|x64.ActiveCfg = Release|x64
		{4AA801B6-AD54-4419-BDA8-B8A2D086B80D}.Release|x64.Build.0 = Release|x64
		{4AA801B6-AD54-4419-BDA8-B8A2D086B80D}.Release|x64.Deploy.0 = Release|x64
		{4AA801B6-AD54-4419-BDA8-B8A2D086B80D}.Release|x86.ActiveCfg = Release|x86
		{4AA801B6-AD54-4419-BDA8-B8A2D086B80D}.Release|x86.Build.0 = Release|x86
		{4AA801B6-AD54-4419-BDA8-B8A2D086B80D}.Release|x86.Deploy.0 = Release|x86
		{953BCB0A-3739-4BB5-BB39-D52733C7E999}.Debug|Any CPU.ActiveCfg = Debug|x64
		{953BCB0A-3739-4BB5-BB39-D52733C7E999}.Debug|Any CPU.Build.0 = Debug|x64
		{953BCB0A-3739-4BB5-BB39-D52733C7E999}.Debug|ARM64.ActiveCfg = Debug|ARM64
		{953BCB0A-3739-4BB5-BB39-D52733C7E999}.Debug|ARM64.Build.0 = Debug|ARM64
		{953BCB0A-3739-4BB5-BB39-D52733C7E999}.Debug|x64.ActiveCfg = Debug|x64
		{953BCB0A-3739-4BB5-BB39-D52733C7E999}.Debug|x64.Build.0 = Debug|x64
		{953BCB0A-3739-4BB5-BB39-D52733C7E999}.Debug|x86.ActiveCfg = Debug|x86
		{953BCB0A-3739-4BB5-BB39-D52733C7E999}.Debug|x86.Build.0 = Debug|x86
		{953BCB0A-3739-4BB5-BB39-D52733C7E999}.Release|Any CPU.ActiveCfg = Release|x64
		{953BCB0A-3739-4BB5-BB39-D52733C7E999}.Release|Any CPU.Build.0 = Release|x64
		{953BCB0A-3739-4BB5-BB39-D52733C7E999}.Release|ARM64.ActiveCfg = Release|ARM64
		{953BCB0A-3739-4BB5-BB39-D52733C7E999}.Release|ARM64.Build.0 = Release|ARM64
		{953BCB0A-3739-4BB5-BB39-D52733C7E999}.Release|x64.ActiveCfg = Release|x64
		{953BCB0A-3739-4BB5-BB39-D52733C7E999}.Release|x64.Build.0 = Release|x64
		{953BCB0A-3739-4BB5-BB39-D52733C7E999}.Release|x86.ActiveCfg = Release|x86
		{953BCB0A-3739-4BB5-BB39-D52733C7E999}.Release|x86.Build.0 = Release|x86
	EndGlobalSection
	GlobalSection(SolutionProperties) = preSolution
		HideSolutionNode = FALSE
	EndGlobalSection
	GlobalSection(ExtensibilityGlobals) = postSolution
		SolutionGuid = {74A03AE8-F9AE-457B-8987-EBA1993667EC}
	EndGlobalSection
EndGlobal
